
Microsoft Visual Studio Solution File, Format Version 12.00
# Visual Studio Version 17
VisualStudioVersion = 17.11.35312.102
MinimumVisualStudioVersion = 10.0.40219.1
Project("{FAE04EC0-301F-11D3-BF4B-00C04F79EFBC}") = "MarginEdgeInterview", "MarginEdgeInterview.csproj", "{8784A664-FF40-4C8B-8E25-42BF9F6C2B10}"
EndProject
Global
	GlobalSection(SolutionConfigurationPlatforms) = preSolution
		Debug|Any CPU = Debug|Any CPU
		Release|Any CPU = Release|Any CPU
	EndGlobalSection
	GlobalSection(ProjectConfigurationPlatforms) = postSolution
		{8784A664-FF40-4C8B-8E25-42BF9F6C2B10}.Debug|Any CPU.ActiveCfg = Debug|Any CPU
		{8784A664-FF40-4C8B-8E25-42BF9F6C2B10}.Debug|Any CPU.Build.0 = Debug|Any CPU
		{8784A664-FF40-4C8B-8E25-42BF9F6C2B10}.Release|Any CPU.ActiveCfg = Release|Any CPU
		{8784A664-FF40-4C8B-8E25-42BF9F6C2B10}.Release|Any CPU.Build.0 = Release|Any CPU
	EndGlobalSection
	GlobalSection(SolutionProperties) = preSolution
		HideSolutionNode = FALSE
	EndGlobalSection
	GlobalSection(ExtensibilityGlobals) = postSolution
		SolutionGuid = {2C7A0AC0-BCF2-420A-A738-3055E26383D7}
	EndGlobalSection
EndGlobal
